
Microsoft Visual Studio Solution File, Format Version 12.00
# Visual Studio 15
VisualStudioVersion = 15.0.27703.2035
MinimumVisualStudioVersion = 10.0.40219.1
Project("{FAE04EC0-301F-11D3-BF4B-00C04F79EFBC}") = "Tourenbuch", "Tourenbuch\Tourenbuch.csproj", "{53947057-93E5-4ECD-ADF6-EDAA008BDD34}"
EndProject
Project("{9A19103F-16F7-4668-BE54-9A1E7A4F7556}") = "TourenbuchDatentypen", "..\TourenbuchDatentypen\TourenbuchDatentypen.csproj", "{8EED7537-F4F2-4E0F-9316-ECE130B39107}"
EndProject
Global
	GlobalSection(SolutionConfigurationPlatforms) = preSolution
		Debug|Any CPU = Debug|Any CPU
		Release|Any CPU = Release|Any CPU
	EndGlobalSection
	GlobalSection(ProjectConfigurationPlatforms) = postSolution
		{53947057-93E5-4ECD-ADF6-EDAA008BDD34}.Debug|Any CPU.ActiveCfg = Debug|Any CPU
		{53947057-93E5-4ECD-ADF6-EDAA008BDD34}.Debug|Any CPU.Build.0 = Debug|Any CPU
		{53947057-93E5-4ECD-ADF6-EDAA008BDD34}.Release|Any CPU.ActiveCfg = Release|Any CPU
		{53947057-93E5-4ECD-ADF6-EDAA008BDD34}.Release|Any CPU.Build.0 = Release|Any CPU
		{8EED7537-F4F2-4E0F-9316-ECE130B39107}.Debug|Any CPU.ActiveCfg = Debug|Any CPU
		{8EED7537-F4F2-4E0F-9316-ECE130B39107}.Debug|Any CPU.Build.0 = Debug|Any CPU
		{8EED7537-F4F2-4E0F-9316-ECE130B39107}.Release|Any CPU.ActiveCfg = Release|Any CPU
		{8EED7537-F4F2-4E0F-9316-ECE130B39107}.Release|Any CPU.Build.0 = Release|Any CPU
	EndGlobalSection
	GlobalSection(SolutionProperties) = preSolution
		HideSolutionNode = FALSE
	EndGlobalSection
	GlobalSection(ExtensibilityGlobals) = postSolution
		SolutionGuid = {6A05FD63-240C-443C-A911-CA1E8A6BED7B}
	EndGlobalSection
EndGlobal
